PODS:
  - AFNetworking (3.1.0):
    - AFNetworking/NSURLSession (= 3.1.0)
    - AFNetworking/Reachability (= 3.1.0)
    - AFNetworking/Security (= 3.1.0)
    - AFNetworking/Serialization (= 3.1.0)
    - AFNetworking/UIKit (= 3.1.0)
  - AFNetworking/NSURLSession (3.1.0):
    - AFNetworking/Reachability
    - AFNetworking/Security
    - AFNetworking/Serialization
  - AFNetworking/Reachability (3.1.0)
  - AFNetworking/Security (3.1.0)
  - AFNetworking/Serialization (3.1.0)
  - AFNetworking/UIKit (3.1.0):
    - AFNetworking/NSURLSession
  - Masonry (1.0.2)
  - MJExtension (3.0.13)
  - MJRefresh (3.1.12)
  - ReactiveCocoa (2.5):
    - ReactiveCocoa/UI (= 2.5)
  - ReactiveCocoa/Core (2.5):
    - ReactiveCocoa/no-arc
  - ReactiveCocoa/no-arc (2.5)
  - ReactiveCocoa/UI (2.5):
    - ReactiveCocoa/Core
  - SDWebImage (3.8.2):
    - SDWebImage/Core (= 3.8.2)
  - SDWebImage/Core (3.8.2)
  - UITableView+FDTemplateLayoutCell (1.4)

DEPENDENCIES:
  - AFNetworking
  - Masonry
  - MJExtension
  - MJRefresh
  - ReactiveCocoa (~> 2.5)
  - SDWebImage (from `git@git.wang-guanjia.com:pods/SDWebImage.git`, tag `3.8.2`)
  - UITableView+FDTemplateLayoutCell

EXTERNAL SOURCES:
  SDWebImage:
    :git: git@git.wang-guanjia.com:pods/SDWebImage.git
    :tag: 3.8.2

CHECKOUT OPTIONS:
  SDWebImage:
    :git: git@git.wang-guanjia.com:pods/SDWebImage.git
    :tag: 3.8.2

SPEC CHECKSUMS:
  AFNetworking: 5e0e199f73d8626b11e79750991f5d173d1f8b67
  Masonry: 7c429b56da9d4ee0bbb3ed77a5ea710d6a5df39e
  MJExtension: 5932755f451458eefa24239358817f8d291240c7
  MJRefresh: b96cdb21c4aa75a7b07654311ab2f315c497e806
  ReactiveCocoa: e2db045570aa97c695e7aa97c2bcab222ae51f4a
  SDWebImage: 321c894375d49c42396f2ca823465a702613c360
  UITableView+FDTemplateLayoutCell: 234e1582bcc4e18461af91155123bb96538ed030

PODFILE CHECKSUM: 875581c7fad94727de8afc5be09475a3e454c3d2

COCOAPODS: 1.1.1
